
Microsoft Visual Studio Solution File, Format Version 12.00
# Visual Studio 15
VisualStudioVersion = 15.0.28307.106
MinimumVisualStudioVersion = 10.0.40219.1
Project("{FAE04EC0-301F-11D3-BF4B-00C04F79EFBC}") = "ApiCore", "ApiCore\ApiCore.csproj", "{FB25BC39-B1AB-45C9-B3BF-4175046DE0EB}"
EndProject
Global
	GlobalSection(SolutionConfigurationPlatforms) = preSolution
		Debug|Any CPU = Debug|Any CPU
		Release|Any CPU = Release|Any CPU
	EndGlobalSection
	GlobalSection(ProjectConfigurationPlatforms) = postSolution
		{FB25BC39-B1AB-45C9-B3BF-4175046DE0EB}.Debug|Any CPU.ActiveCfg = Debug|Any CPU
		{FB25BC39-B1AB-45C9-B3BF-4175046DE0EB}.Debug|Any CPU.Build.0 = Debug|Any CPU
		{FB25BC39-B1AB-45C9-B3BF-4175046DE0EB}.Release|Any CPU.ActiveCfg = Release|Any CPU
		{FB25BC39-B1AB-45C9-B3BF-4175046DE0EB}.Release|Any CPU.Build.0 = Release|Any CPU
	EndGlobalSection
	GlobalSection(SolutionProperties) = preSolution
		HideSolutionNode = FALSE
	EndGlobalSection
	GlobalSection(ExtensibilityGlobals) = postSolution
		SolutionGuid = {193B24D4-8DC5-4ECA-A5F8-36ABD2A43E6C}
	EndGlobalSection
EndGlobal
